
Microsoft Visual Studio Solution File, Format Version 12.00
# Visual Studio 15
VisualStudioVersion = 15.0.27130.2036
MinimumVisualStudioVersion = 10.0.40219.1
Project("{FAE04EC0-301F-11D3-BF4B-00C04F79EFBC}") = "Banco", "Banco\Banco.csproj", "{8B6EEA16-F146-45FB-B6FA-0534ACA5CB74}"
EndProject
Project("{FAE04EC0-301F-11D3-BF4B-00C04F79EFBC}") = "Object", "Object\Object.csproj", "{01E250B8-71C4-4067-825C-0DAFB7D2267B}"
EndProject
Project("{FAE04EC0-301F-11D3-BF4B-00C04F79EFBC}") = "Caelum.Listas", "Caelum.Listas\Caelum.Listas.csproj", "{3801C0FF-6491-4DFF-8FEF-24765B0D24C5}"
EndProject
Global
	GlobalSection(SolutionConfigurationPlatforms) = preSolution
		Debug|Any CPU = Debug|Any CPU
		Release|Any CPU = Release|Any CPU
	EndGlobalSection
	GlobalSection(ProjectConfigurationPlatforms) = postSolution
		{8B6EEA16-F146-45FB-B6FA-0534ACA5CB74}.Debug|Any CPU.ActiveCfg = Debug|Any CPU
		{8B6EEA16-F146-45FB-B6FA-0534ACA5CB74}.Debug|Any CPU.Build.0 = Debug|Any CPU
		{8B6EEA16-F146-45FB-B6FA-0534ACA5CB74}.Release|Any CPU.ActiveCfg = Release|Any CPU
		{8B6EEA16-F146-45FB-B6FA-0534ACA5CB74}.Release|Any CPU.Build.0 = Release|Any CPU
		{01E250B8-71C4-4067-825C-0DAFB7D2267B}.Debug|Any CPU.ActiveCfg = Debug|Any CPU
		{01E250B8-71C4-4067-825C-0DAFB7D2267B}.Debug|Any CPU.Build.0 = Debug|Any CPU
		{01E250B8-71C4-4067-825C-0DAFB7D2267B}.Release|Any CPU.ActiveCfg = Release|Any CPU
		{01E250B8-71C4-4067-825C-0DAFB7D2267B}.Release|Any CPU.Build.0 = Release|Any CPU
		{3801C0FF-6491-4DFF-8FEF-24765B0D24C5}.Debug|Any CPU.ActiveCfg = Debug|Any CPU
		{3801C0FF-6491-4DFF-8FEF-24765B0D24C5}.Debug|Any CPU.Build.0 = Debug|Any CPU
		{3801C0FF-6491-4DFF-8FEF-24765B0D24C5}.Release|Any CPU.ActiveCfg = Release|Any CPU
		{3801C0FF-6491-4DFF-8FEF-24765B0D24C5}.Release|Any CPU.Build.0 = Release|Any CPU
	EndGlobalSection
	GlobalSection(SolutionProperties) = preSolution
		HideSolutionNode = FALSE
	EndGlobalSection
	GlobalSection(ExtensibilityGlobals) = postSolution
		SolutionGuid = {9CD01312-CB88-4935-AEC8-8A19B86F4FC1}
	EndGlobalSection
EndGlobal
